// !$*UTF8*$!
{
	archiveVersion = 1;
	classes = {
	};
	objectVersion = 50;
	objects = {

/* Begin PBXBuildFile section */
		5152EEB98CFD82907294AADA /* Pods_SimpleGallery.framework in Frameworks */ = {isa = PBXBuildFile; fileRef = DC2302C036B483CF202E841A /* Pods_SimpleGallery.framework */; };
		D4B85242215E906E00D4DEAD /* AppDelegate.swift in Sources */ = {isa = PBXBuildFile; fileRef = D4B85241215E906E00D4DEAD /* AppDelegate.swift */; };
		D4B85244215E906E00D4DEAD /* ViewController.swift in Sources */ = {isa = PBXBuildFile; fileRef = D4B85243215E906E00D4DEAD /* ViewController.swift */; };
		D4B85247215E906E00D4DEAD /* Main.storyboard in Resources */ = {isa = PBXBuildFile; fileRef = D4B85245215E906E00D4DEAD /* Main.storyboard */; };
		D4B85249215E906F00D4DEAD /* Assets.xcassets in Resources */ = {isa = PBXBuildFile; fileRef = D4B85248215E906F00D4DEAD /* Assets.xcassets */; };
		D4B8524C215E906F00D4DEAD /* LaunchScreen.storyboard in Resources */ = {isa = PBXBuildFile; fileRef = D4B8524A215E906F00D4DEAD /* LaunchScreen.storyboard */; };
		D4DE96FD215F9CE2000C06E8 /* ServerManagerExtensions.swift in Sources */ = {isa = PBXBuildFile; fileRef = D4DE96FC215F9CE2000C06E8 /* ServerManagerExtensions.swift */; };
		D4DE96FF215F9D04000C06E8 /* ServerManagerCalls.swift in Sources */ = {isa = PBXBuildFile; fileRef = D4DE96FE215F9D04000C06E8 /* ServerManagerCalls.swift */; };
		D4DE9701215F9D2B000C06E8 /* ServerManager.swift in Sources */ = {isa = PBXBuildFile; fileRef = D4DE9700215F9D2B000C06E8 /* ServerManager.swift */; };
		D4DE9704215F9D6F000C06E8 /* Constants.swift in Sources */ = {isa = PBXBuildFile; fileRef = D4DE9703215F9D6F000C06E8 /* Constants.swift */; };
		D4DE9706215F9D8C000C06E8 /* AppMethods.swift in Sources */ = {isa = PBXBuildFile; fileRef = D4DE9705215F9D8C000C06E8 /* AppMethods.swift */; };
		D4DE970D215F9EFA000C06E8 /* Localizable.strings in Resources */ = {isa = PBXBuildFile; fileRef = D4DE970B215F9EFA000C06E8 /* Localizable.strings */; };
/* End PBXBuildFile section */

/* Begin PBXFileReference section */
		140BC468CA9E7212C4F6223F /* Pods-SimpleGallery.debug.xcconfig */ = {isa = PBXFileReference; includeInIndex = 1; lastKnownFileType = text.xcconfig; name = "Pods-SimpleGallery.debug.xcconfig"; path = "Pods/Target Support Files/Pods-SimpleGallery/Pods-SimpleGallery.debug.xcconfig"; sourceTree = "<group>"; };
		1C445457EA2D213EF8CEFBBB /* Pods-SimpleGallery.release.xcconfig */ = {isa = PBXFileReference; includeInIndex = 1; lastKnownFileType = text.xcconfig; name = "Pods-SimpleGallery.release.xcconfig"; path = "Pods/Target Support Files/Pods-SimpleGallery/Pods-SimpleGallery.release.xcconfig"; sourceTree = "<group>"; };
		D4B8523E215E906E00D4DEAD /* SimpleGallery.app */ = {isa = PBXFileReference; explicitFileType = wrapper.application; includeInIndex = 0; path = SimpleGallery.app; sourceTree = BUILT_PRODUCTS_DIR; };
		D4B85241215E906E00D4DEAD /* AppDelegate.swift */ = {isa = PBXFileReference; lastKnownFileType = sourcecode.swift; path = AppDelegate.swift; sourceTree = "<group>"; };
		D4B85243215E906E00D4DEAD /* ViewController.swift */ = {isa = PBXFileReference; lastKnownFileType = sourcecode.swift; path = ViewController.swift; sourceTree = "<group>"; };
		D4B85246215E906E00D4DEAD /* Base */ = {isa = PBXFileReference; lastKnownFileType = file.storyboard; name = Base; path = Base.lproj/Main.storyboard; sourceTree = "<group>"; };
		D4B85248215E906F00D4DEAD /* Assets.xcassets */ = {isa = PBXFileReference; lastKnownFileType = folder.assetcatalog; path = Assets.xcassets; sourceTree = "<group>"; };
		D4B8524B215E906F00D4DEAD /* Base */ = {isa = PBXFileReference; lastKnownFileType = file.storyboard; name = Base; path = Base.lproj/LaunchScreen.storyboard; sourceTree = "<group>"; };
		D4B8524D215E906F00D4DEAD /* Info.plist */ = {isa = PBXFileReference; lastKnownFileType = text.plist.xml; path = Info.plist; sourceTree = "<group>"; };
		D4DE96FC215F9CE2000C06E8 /* ServerManagerExtensions.swift */ = {isa = PBXFileReference; lastKnownFileType = sourcecode.swift; path = ServerManagerExtensions.swift; sourceTree = "<group>"; };
		D4DE96FE215F9D04000C06E8 /* ServerManagerCalls.swift */ = {isa = PBXFileReference; lastKnownFileType = sourcecode.swift; path = ServerManagerCalls.swift; sourceTree = "<group>"; };
		D4DE9700215F9D2B000C06E8 /* ServerManager.swift */ = {isa = PBXFileReference; lastKnownFileType = sourcecode.swift; path = ServerManager.swift; sourceTree = "<group>"; };
		D4DE9703215F9D6F000C06E8 /* Constants.swift */ = {isa = PBXFileReference; lastKnownFileType = sourcecode.swift; path = Constants.swift; sourceTree = "<group>"; };
		D4DE9705215F9D8C000C06E8 /* AppMethods.swift */ = {isa = PBXFileReference; lastKnownFileType = sourcecode.swift; path = AppMethods.swift; sourceTree = "<group>"; };
		D4DE970C215F9EFA000C06E8 /* Base */ = {isa = PBXFileReference; lastKnownFileType = text.plist.strings; name = Base; path = Base.lproj/Localizable.strings; sourceTree = "<group>"; };
		D4DE970F215F9F22000C06E8 /* de */ = {isa = PBXFileReference; lastKnownFileType = text.plist.strings; name = de; path = de.lproj/Localizable.strings; sourceTree = "<group>"; };
		DC2302C036B483CF202E841A /* Pods_SimpleGallery.framework */ = {isa = PBXFileReference; explicitFileType = wrapper.framework; includeInIndex = 0; path = Pods_SimpleGallery.framework; sourceTree = BUILT_PRODUCTS_DIR; };
/* End PBXFileReference section */

/* Begin PBXFrameworksBuildPhase section */
		D4B8523B215E906E00D4DEAD /* Frameworks */ = {
			isa = PBXFrameworksBuildPhase;
			buildActionMask = 2147483647;
			files = (
				5152EEB98CFD82907294AADA /* Pods_SimpleGallery.framework in Frameworks */,
			);
			runOnlyForDeploymentPostprocessing = 0;
		};
/* End PBXFrameworksBuildPhase section */

/* Begin PBXGroup section */
		A8874EA99386EE44A0E101BA /* Frameworks */ = {
			isa = PBXGroup;
			children = (
				DC2302C036B483CF202E841A /* Pods_SimpleGallery.framework */,
			);
			name = Frameworks;
			sourceTree = "<group>";
		};
		AD6B1FED150DE2982DFD101B /* Pods */ = {
			isa = PBXGroup;
			children = (
				140BC468CA9E7212C4F6223F /* Pods-SimpleGallery.debug.xcconfig */,
				1C445457EA2D213EF8CEFBBB /* Pods-SimpleGallery.release.xcconfig */,
			);
			name = Pods;
			sourceTree = "<group>";
		};
		D4B85235215E906E00D4DEAD = {
			isa = PBXGroup;
			children = (
				D4B85240215E906E00D4DEAD /* SimpleGallery */,
				D4B8523F215E906E00D4DEAD /* Products */,
				AD6B1FED150DE2982DFD101B /* Pods */,
				A8874EA99386EE44A0E101BA /* Frameworks */,
			);
			sourceTree = "<group>";
		};
		D4B8523F215E906E00D4DEAD /* Products */ = {
			isa = PBXGroup;
			children = (
				D4B8523E215E906E00D4DEAD /* SimpleGallery.app */,
			);
			name = Products;
			sourceTree = "<group>";
		};
		D4B85240215E906E00D4DEAD /* SimpleGallery */ = {
			isa = PBXGroup;
			children = (
				D4DE9702215F9D5B000C06E8 /* AppClasses */,
				D4DE96FB215F9CC1000C06E8 /* Network */,
				D4B85241215E906E00D4DEAD /* AppDelegate.swift */,
				D4B85243215E906E00D4DEAD /* ViewController.swift */,
				D4B85245215E906E00D4DEAD /* Main.storyboard */,
				D4B85248215E906F00D4DEAD /* Assets.xcassets */,
				D4B8524A215E906F00D4DEAD /* LaunchScreen.storyboard */,
				D4B8524D215E906F00D4DEAD /* Info.plist */,
				D4DE970B215F9EFA000C06E8 /* Localizable.strings */,
			);
			path = SimpleGallery;
			sourceTree = "<group>";
		};
		D4DE96FB215F9CC1000C06E8 /* Network */ = {
			isa = PBXGroup;
			children = (
				D4DE96FC215F9CE2000C06E8 /* ServerManagerExtensions.swift */,
				D4DE96FE215F9D04000C06E8 /* ServerManagerCalls.swift */,
				D4DE9700215F9D2B000C06E8 /* ServerManager.swift */,
			);
			path = Network;
			sourceTree = "<group>";
		};
		D4DE9702215F9D5B000C06E8 /* AppClasses */ = {
			isa = PBXGroup;
			children = (
				D4DE9703215F9D6F000C06E8 /* Constants.swift */,
				D4DE9705215F9D8C000C06E8 /* AppMethods.swift */,
			);
			path = AppClasses;
			sourceTree = "<group>";
		};
/* End PBXGroup section */

/* Begin PBXNativeTarget section */
		D4B8523D215E906E00D4DEAD /* SimpleGallery */ = {
			isa = PBXNativeTarget;
			buildConfigurationList = D4B85250215E906F00D4DEAD /* Build configuration list for PBXNativeTarget "SimpleGallery" */;
			buildPhases = (
				3572A88A1B2001DD66876677 /* [CP] Check Pods Manifest.lock */,
				D4B8523A215E906E00D4DEAD /* Sources */,
				D4B8523B215E906E00D4DEAD /* Frameworks */,
				D4B8523C215E906E00D4DEAD /* Resources */,
				98194E14BD3AEFCE0A461C94 /* [CP] Embed Pods Frameworks */,
			);
			buildRules = (
			);
			dependencies = (
			);
			name = SimpleGallery;
			productName = SimpleGallery;
			productReference = D4B8523E215E906E00D4DEAD /* SimpleGallery.app */;
			productType = "com.apple.product-type.application";
		};
/* End PBXNativeTarget section */

/* Begin PBXProject section */
		D4B85236215E906E00D4DEAD /* Project object */ = {
			isa = PBXProject;
			attributes = {
				LastSwiftUpdateCheck = 1000;
				LastUpgradeCheck = 1000;
				ORGANIZATIONNAME = "Ahmed Labib";
				TargetAttributes = {
					D4B8523D215E906E00D4DEAD = {
						CreatedOnToolsVersion = 10.0;
					};
				};
			};
			buildConfigurationList = D4B85239215E906E00D4DEAD /* Build configuration list for PBXProject "SimpleGallery" */;
			compatibilityVersion = "Xcode 9.3";
			developmentRegion = en;
			hasScannedForEncodings = 0;
			knownRegions = (
				en,
				Base,
				de,
			);
			mainGroup = D4B85235215E906E00D4DEAD;
			productRefGroup = D4B8523F215E906E00D4DEAD /* Products */;
			projectDirPath = "";
			projectRoot = "";
			targets = (
				D4B8523D215E906E00D4DEAD /* SimpleGallery */,
			);
		};
/* End PBXProject section */

/* Begin PBXResourcesBuildPhase section */
		D4B8523C215E906E00D4DEAD /* Resources */ = {
			isa = PBXResourcesBuildPhase;
			buildActionMask = 2147483647;
			files = (
				D4B8524C215E906F00D4DEAD /* LaunchScreen.storyboard in Resources */,
				D4DE970D215F9EFA000C06E8 /* Localizable.strings in Resources */,
				D4B85249215E906F00D4DEAD /* Assets.xcassets in Resources */,
				D4B85247215E906E00D4DEAD /* Main.storyboard in Resources */,
			);
			runOnlyForDeploymentPostprocessing = 0;
		};
/* End PBXResourcesBuildPhase section */

/* Begin PBXShellScriptBuildPhase section */
		3572A88A1B2001DD66876677 /* [CP] Check Pods Manifest.lock */ = {
			isa = PBXShellScriptBuildPhase;
			buildActionMask = 2147483647;
			files = (
			);
			inputFileListPaths = (
			);
			inputPaths = (
				"${PODS_PODFILE_DIR_PATH}/Podfile.lock",
				"${PODS_ROOT}/Manifest.lock",
			);
			name = "[CP] Check Pods Manifest.lock";
			outputFileListPaths = (
			);
			outputPaths = (
				"$(DERIVED_FILE_DIR)/Pods-SimpleGallery-checkManifestLockResult.txt",
			);
			runOnlyForDeploymentPostprocessing = 0;
			shellPath = /bin/sh;
			shellScript = "diff \"${PODS_PODFILE_DIR_PATH}/Podfile.lock\" \"${PODS_ROOT}/Manifest.lock\" > /dev/null\nif [ $? != 0 ] ; then\n    # print error to STDERR\n    echo \"error: The sandbox is not in sync with the Podfile.lock. Run 'pod install' or update your CocoaPods installation.\" >&2\n    exit 1\nfi\n# This output is used by Xcode 'outputs' to avoid re-running this script phase.\necho \"SUCCESS\" > \"${SCRIPT_OUTPUT_FILE_0}\"\n";
			showEnvVarsInLog = 0;
		};
		98194E14BD3AEFCE0A461C94 /* [CP] Embed Pods Frameworks */ = {
			isa = PBXShellScriptBuildPhase;
			buildActionMask = 2147483647;
			files = (
			);
			inputFileListPaths = (
			);
			inputPaths = (
				"${SRCROOT}/Pods/Target Support Files/Pods-SimpleGallery/Pods-SimpleGallery-frameworks.sh",
				"${BUILT_PRODUCTS_DIR}/Alamofire/Alamofire.framework",
				"${BUILT_PRODUCTS_DIR}/Kingfisher/Kingfisher.framework",
				"${BUILT_PRODUCTS_DIR}/Localize-Swift/Localize_Swift.framework",
				"${BUILT_PRODUCTS_DIR}/SVProgressHUD/SVProgressHUD.framework",
			);
			name = "[CP] Embed Pods Frameworks";
			outputFileListPaths = (
			);
			outputPaths = (
				"${TARGET_BUILD_DIR}/${FRAMEWORKS_FOLDER_PATH}/Alamofire.framework",
				"${TARGET_BUILD_DIR}/${FRAMEWORKS_FOLDER_PATH}/Kingfisher.framework",
				"${TARGET_BUILD_DIR}/${FRAMEWORKS_FOLDER_PATH}/Localize_Swift.framework",
				"${TARGET_BUILD_DIR}/${FRAMEWORKS_FOLDER_PATH}/SVProgressHUD.framework",
			);
			runOnlyForDeploymentPostprocessing = 0;
			shellPath = /bin/sh;
			shellScript = "\"${SRCROOT}/Pods/Target Support Files/Pods-SimpleGallery/Pods-SimpleGallery-frameworks.sh\"\n";
			showEnvVarsInLog = 0;
		};
/* End PBXShellScriptBuildPhase section */

/* Begin PBXSourcesBuildPhase section */
		D4B8523A215E906E00D4DEAD /* Sources */ = {
			isa = PBXSourcesBuildPhase;
			buildActionMask = 2147483647;
			files = (
				D4DE9701215F9D2B000C06E8 /* ServerManager.swift in Sources */,
				D4DE96FF215F9D04000C06E8 /* ServerManagerCalls.swift in Sources */,
				D4B85244215E906E00D4DEAD /* ViewController.swift in Sources */,
				D4DE96FD215F9CE2000C06E8 /* ServerManagerExtensions.swift in Sources */,
				D4B85242215E906E00D4DEAD /* AppDelegate.swift in Sources */,
				D4DE9704215F9D6F000C06E8 /* Constants.swift in Sources */,
				D4DE9706215F9D8C000C06E8 /* AppMethods.swift in Sources */,
			);
			runOnlyForDeploymentPostprocessing = 0;
		};
/* End PBXSourcesBuildPhase section */

/* Begin PBXVariantGroup section */
		D4B85245215E906E00D4DEAD /* Main.storyboard */ = {
			isa = PBXVariantGroup;
			children = (
				D4B85246215E906E00D4DEAD /* Base */,
			);
			name = Main.storyboard;
			sourceTree = "<group>";
		};
		D4B8524A215E906F00D4DEAD /* LaunchScreen.storyboard */ = {
			isa = PBXVariantGroup;
			children = (
				D4B8524B215E906F00D4DEAD /* Base */,
			);
			name = LaunchScreen.storyboard;
			sourceTree = "<group>";
		};
		D4DE970B215F9EFA000C06E8 /* Localizable.strings */ = {
			isa = PBXVariantGroup;
			children = (
				D4DE970C215F9EFA000C06E8 /* Base */,
				D4DE970F215F9F22000C06E8 /* de */,
			);
			name = Localizable.strings;
			sourceTree = "<group>";
		};
/* End PBXVariantGroup section */

/* Begin XCBuildConfiguration section */
		D4B8524E215E906F00D4DEAD /* Debug */ = {
			isa = XCBuildConfiguration;
			buildSettings = {
				ALWAYS_SEARCH_USER_PATHS = NO;
				CLANG_ANALYZER_LOCALIZABILITY_NONLOCALIZED = YES;
				CLANG_ANALYZER_NONNULL = YES;
				CLANG_ANALYZER_NUMBER_OBJECT_CONVERSION = YES_AGGRESSIVE;
				CLANG_CXX_LANGUAGE_STANDARD = "gnu++14";
				CLANG_CXX_LIBRARY = "libc++";
				CLANG_ENABLE_MODULES = YES;
				CLANG_ENABLE_OBJC_ARC = YES;
				CLANG_ENABLE_OBJC_WEAK = YES;
				CLANG_WARN_BLOCK_CAPTURE_AUTORELEASING = YES;
				CLANG_WARN_BOOL_CONVERSION = YES;
				CLANG_WARN_COMMA = YES;
				CLANG_WARN_CONSTANT_CONVERSION = YES;
				CLANG_WARN_DEPRECATED_OBJC_IMPLEMENTATIONS = YES;
				CLANG_WARN_DIRECT_OBJC_ISA_USAGE = YES_ERROR;
				CLANG_WARN_DOCUMENTATION_COMMENTS = YES;
				CLANG_WARN_EMPTY_BODY = YES;
				CLANG_WARN_ENUM_CONVERSION = YES;
				CLANG_WARN_INFINITE_RECURSION = YES;
				CLANG_WARN_INT_CONVERSION = YES;
				CLANG_WARN_NON_LITERAL_NULL_CONVERSION = YES;
				CLANG_WARN_OBJC_IMPLICIT_RETAIN_SELF = YES;
				CLANG_WARN_OBJC_LITERAL_CONVERSION = YES;
				CLANG_WARN_OBJC_ROOT_CLASS = YES_ERROR;
				CLANG_WARN_RANGE_LOOP_ANALYSIS = YES;
				CLANG_WARN_STRICT_PROTOTYPES = YES;
				CLANG_WARN_SUSPICIOUS_MOVE = YES;
				CLANG_WARN_UNGUARDED_AVAILABILITY = YES_AGGRESSIVE;
				CLANG_WARN_UNREACHABLE_CODE = YES;
				CLANG_WARN__DUPLICATE_METHOD_MATCH = YES;
				CODE_SIGN_IDENTITY = "iPhone Developer";
				COPY_PHASE_STRIP = NO;
				DEBUG_INFORMATION_FORMAT = dwarf;
				ENABLE_STRICT_OBJC_MSGSEND = YES;
				ENABLE_TESTABILITY = YES;
				GCC_C_LANGUAGE_STANDARD = gnu11;
				GCC_DYNAMIC_NO_PIC = NO;
				GCC_NO_COMMON_BLOCKS = YES;
				GCC_OPTIMIZATION_LEVEL = 0;
				GCC_PREPROCESSOR_DEFINITIONS = (
					"DEBUG=1",
					"$(inherited)",
				);
				GCC_WARN_64_TO_32_BIT_CONVERSION = YES;
				GCC_WARN_ABOUT_RETURN_TYPE = YES_ERROR;
				GCC_WARN_UNDECLARED_SELECTOR = YES;
				GCC_WARN_UNINITIALIZED_AUTOS = YES_AGGRESSIVE;
				GCC_WARN_UNUSED_FUNCTION = YES;
				GCC_WARN_UNUSED_VARIABLE = YES;
				IPHONEOS_DEPLOYMENT_TARGET = 12.0;
				MTL_ENABLE_DEBUG_INFO = INCLUDE_SOURCE;
				MTL_FAST_MATH = YES;
				ONLY_ACTIVE_ARCH = YES;
				SDKROOT = iphoneos;
				SWIFT_ACTIVE_COMPILATION_CONDITIONS = DEBUG;
				SWIFT_OPTIMIZATION_LEVEL = "-Onone";
			};
			name = Debug;
		};
		D4B8524F215E906F00D4DEAD /* Release */ = {
			isa = XCBuildConfiguration;
			buildSettings = {
				ALWAYS_SEARCH_USER_PATHS = NO;
				CLANG_ANALYZER_LOCALIZABILITY_NONLOCALIZED = YES;
				CLANG_ANALYZER_NONNULL = YES;
				CLANG_ANALYZER_NUMBER_OBJECT_CONVERSION = YES_AGGRESSIVE;
				CLANG_CXX_LANGUAGE_STANDARD = "gnu++14";
				CLANG_CXX_LIBRARY = "libc++";
				CLANG_ENABLE_MODULES = YES;
				CLANG_ENABLE_OBJC_ARC = YES;
				CLANG_ENABLE_OBJC_WEAK = YES;
				CLANG_WARN_BLOCK_CAPTURE_AUTORELEASING = YES;
				CLANG_WARN_BOOL_CONVERSION = YES;
				CLANG_WARN_COMMA = YES;
				CLANG_WARN_CONSTANT_CONVERSION = YES;
				CLANG_WARN_DEPRECATED_OBJC_IMPLEMENTATIONS = YES;
				CLANG_WARN_DIRECT_OBJC_ISA_USAGE = YES_ERROR;
				CLANG_WARN_DOCUMENTATION_COMMENTS = YES;
				CLANG_WARN_EMPTY_BODY = YES;
				CLANG_WARN_ENUM_CONVERSION = YES;
				CLANG_WARN_INFINITE_RECURSION = YES;
				CLANG_WARN_INT_CONVERSION = YES;
				CLANG_WARN_NON_LITERAL_NULL_CONVERSION = YES;
				CLANG_WARN_OBJC_IMPLICIT_RETAIN_SELF = YES;
				CLANG_WARN_OBJC_LITERAL_CONVERSION = YES;
				CLANG_WARN_OBJC_ROOT_CLASS = YES_ERROR;
				CLANG_WARN_RANGE_LOOP_ANALYSIS = YES;
				CLANG_WARN_STRICT_PROTOTYPES = YES;
				CLANG_WARN_SUSPICIOUS_MOVE = YES;
				CLANG_WARN_UNGUARDED_AVAILABILITY = YES_AGGRESSIVE;
				CLANG_WARN_UNREACHABLE_CODE = YES;
				CLANG_WARN__DUPLICATE_METHOD_MATCH = YES;
				CODE_SIGN_IDENTITY = "iPhone Developer";
				COPY_PHASE_STRIP = NO;
				DEBUG_INFORMATION_FORMAT = "dwarf-with-dsym";
				ENABLE_NS_ASSERTIONS = NO;
				ENABLE_STRICT_OBJC_MSGSEND = YES;
				GCC_C_LANGUAGE_STANDARD = gnu11;
				GCC_NO_COMMON_BLOCKS = YES;
				GCC_WARN_64_TO_32_BIT_CONVERSION = YES;
				GCC_WARN_ABOUT_RETURN_TYPE = YES_ERROR;
				GCC_WARN_UNDECLARED_SELECTOR = YES;
				GCC_WARN_UNINITIALIZED_AUTOS = YES_AGGRESSIVE;
				GCC_WARN_UNUSED_FUNCTION = YES;
				GCC_WARN_UNUSED_VARIABLE = YES;
				IPHONEOS_DEPLOYMENT_TARGET = 12.0;
				MTL_ENABLE_DEBUG_INFO = NO;
				MTL_FAST_MATH = YES;
				SDKROOT = iphoneos;
				SWIFT_COMPILATION_MODE = wholemodule;
				SWIFT_OPTIMIZATION_LEVEL = "-O";
				VALIDATE_PRODUCT = YES;
			};
			name = Release;
		};
		D4B85251215E906F00D4DEAD /* Debug */ = {
			isa = XCBuildConfiguration;
			baseConfigurationReference = 140BC468CA9E7212C4F6223F /* Pods-SimpleGallery.debug.xcconfig */;
			buildSettings = {
				ASSETCATALOG_COMPILER_APPICON_NAME = AppIcon;
				CODE_SIGN_STYLE = Automatic;
				DEVELOPMENT_TEAM = BKSS43B7K5;
				INFOPLIST_FILE = SimpleGallery/Info.plist;
				LD_RUNPATH_SEARCH_PATHS = (
					"$(inherited)",
					"@executable_path/Frameworks",
				);
				PRODUCT_BUNDLE_IDENTIFIER = com.ahmedlabib.SimpleGallery;
				PRODUCT_NAME = "$(TARGET_NAME)";
				SWIFT_VERSION = 4.2;
				TARGETED_DEVICE_FAMILY = "1,2";
			};
			name = Debug;
		};
		D4B85252215E906F00D4DEAD /* Release */ = {
			isa = XCBuildConfiguration;
			baseConfigurationReference = 1C445457EA2D213EF8CEFBBB /* Pods-SimpleGallery.release.xcconfig */;
			buildSettings = {
				ASSETCATALOG_COMPILER_APPICON_NAME = AppIcon;
				CODE_SIGN_STYLE = Automatic;
				DEVELOPMENT_TEAM = BKSS43B7K5;
				INFOPLIST_FILE = SimpleGallery/Info.plist;
				LD_RUNPATH_SEARCH_PATHS = (
					"$(inherited)",
					"@executable_path/Frameworks",
				);
				PRODUCT_BUNDLE_IDENTIFIER = com.ahmedlabib.SimpleGallery;
				PRODUCT_NAME = "$(TARGET_NAME)";
				SWIFT_VERSION = 4.2;
				TARGETED_DEVICE_FAMILY = "1,2";
			};
			name = Release;
		};
/* End XCBuildConfiguration section */

/* Begin XCConfigurationList section */
		D4B85239215E906E00D4DEAD /* Build configuration list for PBXProject "SimpleGallery" */ = {
			isa = XCConfigurationList;
			buildConfigurations = (
				D4B8524E215E906F00D4DEAD /* Debug */,
				D4B8524F215E906F00D4DEAD /* Release */,
			);
			defaultConfigurationIsVisible = 0;
			defaultConfigurationName = Release;
		};
		D4B85250215E906F00D4DEAD /* Build configuration list for PBXNativeTarget "SimpleGallery" */ = {
			isa = XCConfigurationList;
			buildConfigurations = (
				D4B85251215E906F00D4DEAD /* Debug */,
				D4B85252215E906F00D4DEAD /* Release */,
			);
			defaultConfigurationIsVisible = 0;
			defaultConfigurationName = Release;
		};
/* End XCConfigurationList section */
	};
	rootObject = D4B85236215E906E00D4DEAD /* Project object */;
}
